// !$*UTF8*$!
{
	archiveVersion = 1;
	classes = {
	};
	objectVersion = 56;
	objects = {

/* Begin PBXBuildFile section */
		78E384A829B7258F004C9E37 /* CryptoAppApp.swift in Sources */ = {isa = PBXBuildFile; fileRef = 78E384A729B7258F004C9E37 /* CryptoAppApp.swift */; };
		78E384AA29B7258F004C9E37 /* ContentView.swift in Sources */ = {isa = PBXBuildFile; fileRef = 78E384A929B7258F004C9E37 /* ContentView.swift */; };
		78E384AF29B72591004C9E37 /* Preview Assets.xcassets in Resources */ = {isa = PBXBuildFile; fileRef = 78E384AE29B72591004C9E37 /* Preview Assets.xcassets */; };
		78E384B629B72752004C9E37 /* Assets.xcassets in Resources */ = {isa = PBXBuildFile; fileRef = 78E384B529B72752004C9E37 /* Assets.xcassets */; };
		78E384B929B72859004C9E37 /* Color.swift in Sources */ = {isa = PBXBuildFile; fileRef = 78E384B829B72859004C9E37 /* Color.swift */; };
		78E384BF29B72A62004C9E37 /* HomeView.swift in Sources */ = {isa = PBXBuildFile; fileRef = 78E384BE29B72A62004C9E37 /* HomeView.swift */; };
		78E384C329B72D4E004C9E37 /* CircleButtonView.swift in Sources */ = {isa = PBXBuildFile; fileRef = 78E384C229B72D4E004C9E37 /* CircleButtonView.swift */; };
		78E384C529B73681004C9E37 /* CircleButtonAnimationView.swift in Sources */ = {isa = PBXBuildFile; fileRef = 78E384C429B73681004C9E37 /* CircleButtonAnimationView.swift */; };
		78E384C829B7710A004C9E37 /* CoinModel.swift in Sources */ = {isa = PBXBuildFile; fileRef = 78E384C729B7710A004C9E37 /* CoinModel.swift */; };
		78E384CC29B7735A004C9E37 /* CoinRowView.swift in Sources */ = {isa = PBXBuildFile; fileRef = 78E384CB29B7735A004C9E37 /* CoinRowView.swift */; };
		78E384CE29B774A5004C9E37 /* PreviewProvider.swift in Sources */ = {isa = PBXBuildFile; fileRef = 78E384CD29B774A5004C9E37 /* PreviewProvider.swift */; };
		78E384D029B777E2004C9E37 /* Double.swift in Sources */ = {isa = PBXBuildFile; fileRef = 78E384CF29B777E2004C9E37 /* Double.swift */; };
/* End PBXBuildFile section */

/* Begin PBXFileReference section */
		78E384A429B7258F004C9E37 /* CryptoApp.app */ = {isa = PBXFileReference; explicitFileType = wrapper.application; includeInIndex = 0; path = CryptoApp.app; sourceTree = BUILT_PRODUCTS_DIR; };
		78E384A729B7258F004C9E37 /* CryptoAppApp.swift */ = {isa = PBXFileReference; lastKnownFileType = sourcecode.swift; path = CryptoAppApp.swift; sourceTree = "<group>"; };
		78E384A929B7258F004C9E37 /* ContentView.swift */ = {isa = PBXFileReference; lastKnownFileType = sourcecode.swift; path = ContentView.swift; sourceTree = "<group>"; };
		78E384AE29B72591004C9E37 /* Preview Assets.xcassets */ = {isa = PBXFileReference; lastKnownFileType = folder.assetcatalog; path = "Preview Assets.xcassets"; sourceTree = "<group>"; };
		78E384B529B72752004C9E37 /* Assets.xcassets */ = {isa = PBXFileReference; lastKnownFileType = folder.assetcatalog; name = Assets.xcassets; path = ../../../Downloads/Resources/Assets.xcassets; sourceTree = "<group>"; };
		78E384B829B72859004C9E37 /* Color.swift */ = {isa = PBXFileReference; lastKnownFileType = sourcecode.swift; path = Color.swift; sourceTree = "<group>"; };
		78E384BE29B72A62004C9E37 /* HomeView.swift */ = {isa = PBXFileReference; lastKnownFileType = sourcecode.swift; path = HomeView.swift; sourceTree = "<group>"; };
		78E384C229B72D4E004C9E37 /* CircleButtonView.swift */ = {isa = PBXFileReference; lastKnownFileType = sourcecode.swift; path = CircleButtonView.swift; sourceTree = "<group>"; };
		78E384C429B73681004C9E37 /* CircleButtonAnimationView.swift */ = {isa = PBXFileReference; lastKnownFileType = sourcecode.swift; path = CircleButtonAnimationView.swift; sourceTree = "<group>"; };
		78E384C729B7710A004C9E37 /* CoinModel.swift */ = {isa = PBXFileReference; lastKnownFileType = sourcecode.swift; path = CoinModel.swift; sourceTree = "<group>"; };
		78E384CB29B7735A004C9E37 /* CoinRowView.swift */ = {isa = PBXFileReference; lastKnownFileType = sourcecode.swift; path = CoinRowView.swift; sourceTree = "<group>"; };
		78E384CD29B774A5004C9E37 /* PreviewProvider.swift */ = {isa = PBXFileReference; lastKnownFileType = sourcecode.swift; path = PreviewProvider.swift; sourceTree = "<group>"; };
		78E384CF29B777E2004C9E37 /* Double.swift */ = {isa = PBXFileReference; lastKnownFileType = sourcecode.swift; path = Double.swift; sourceTree = "<group>"; };
/* End PBXFileReference section */

/* Begin PBXFrameworksBuildPhase section */
		78E384A129B7258F004C9E37 /* Frameworks */ = {
			isa = PBXFrameworksBuildPhase;
			buildActionMask = 2147483647;
			files = (
			);
			runOnlyForDeploymentPostprocessing = 0;
		};
/* End PBXFrameworksBuildPhase section */

/* Begin PBXGroup section */
		78E3849B29B7258F004C9E37 = {
			isa = PBXGroup;
			children = (
				78E384A629B7258F004C9E37 /* CryptoApp */,
				78E384A529B7258F004C9E37 /* Products */,
			);
			sourceTree = "<group>";
		};
		78E384A529B7258F004C9E37 /* Products */ = {
			isa = PBXGroup;
			children = (
				78E384A429B7258F004C9E37 /* CryptoApp.app */,
			);
			name = Products;
			sourceTree = "<group>";
		};
		78E384A629B7258F004C9E37 /* CryptoApp */ = {
			isa = PBXGroup;
			children = (
				78E384A729B7258F004C9E37 /* CryptoAppApp.swift */,
				78E384B729B72810004C9E37 /* Extensions */,
				78E384C629B770D6004C9E37 /* Models */,
				78E384BA29B72A12004C9E37 /* Core */,
				78E384A929B7258F004C9E37 /* ContentView.swift */,
				78E384B529B72752004C9E37 /* Assets.xcassets */,
				78E384AD29B72591004C9E37 /* Preview Content */,
			);
			path = CryptoApp;
			sourceTree = "<group>";
		};
		78E384AD29B72591004C9E37 /* Preview Content */ = {
			isa = PBXGroup;
			children = (
				78E384AE29B72591004C9E37 /* Preview Assets.xcassets */,
			);
			path = "Preview Content";
			sourceTree = "<group>";
		};
		78E384B729B72810004C9E37 /* Extensions */ = {
			isa = PBXGroup;
			children = (
				78E384B829B72859004C9E37 /* Color.swift */,
				78E384CD29B774A5004C9E37 /* PreviewProvider.swift */,
				78E384CF29B777E2004C9E37 /* Double.swift */,
			);
			path = Extensions;
			sourceTree = "<group>";
		};
		78E384BA29B72A12004C9E37 /* Core */ = {
			isa = PBXGroup;
			children = (
				78E384C029B72CFB004C9E37 /* Components */,
				78E384BB29B72A24004C9E37 /* Home */,
			);
			path = Core;
			sourceTree = "<group>";
		};
		78E384BB29B72A24004C9E37 /* Home */ = {
			isa = PBXGroup;
			children = (
				78E384BD29B72A40004C9E37 /* Views */,
				78E384BC29B72A2F004C9E37 /* VIewModels */,
			);
			path = Home;
			sourceTree = "<group>";
		};
		78E384BC29B72A2F004C9E37 /* VIewModels */ = {
			isa = PBXGroup;
			children = (
			);
			path = VIewModels;
			sourceTree = "<group>";
		};
		78E384BD29B72A40004C9E37 /* Views */ = {
			isa = PBXGroup;
			children = (
				78E384BE29B72A62004C9E37 /* HomeView.swift */,
				78E384CB29B7735A004C9E37 /* CoinRowView.swift */,
			);
			path = Views;
			sourceTree = "<group>";
		};
		78E384C029B72CFB004C9E37 /* Components */ = {
			isa = PBXGroup;
			children = (
				78E384C129B72D0F004C9E37 /* CircleButton */,
			);
			path = Components;
			sourceTree = "<group>";
		};
		78E384C129B72D0F004C9E37 /* CircleButton */ = {
			isa = PBXGroup;
			children = (
				78E384C229B72D4E004C9E37 /* CircleButtonView.swift */,
				78E384C429B73681004C9E37 /* CircleButtonAnimationView.swift */,
			);
			path = CircleButton;
			sourceTree = "<group>";
		};
		78E384C629B770D6004C9E37 /* Models */ = {
			isa = PBXGroup;
			children = (
				78E384C729B7710A004C9E37 /* CoinModel.swift */,
			);
			path = Models;
			sourceTree = "<group>";
		};
/* End PBXGroup section */

/* Begin PBXNativeTarget section */
		78E384A329B7258F004C9E37 /* CryptoApp */ = {
			isa = PBXNativeTarget;
			buildConfigurationList = 78E384B229B72591004C9E37 /* Build configuration list for PBXNativeTarget "CryptoApp" */;
			buildPhases = (
				78E384A029B7258F004C9E37 /* Sources */,
				78E384A129B7258F004C9E37 /* Frameworks */,
				78E384A229B7258F004C9E37 /* Resources */,
			);
			buildRules = (
			);
			dependencies = (
			);
			name = CryptoApp;
			productName = CryptoApp;
			productReference = 78E384A429B7258F004C9E37 /* CryptoApp.app */;
			productType = "com.apple.product-type.application";
		};
/* End PBXNativeTarget section */

/* Begin PBXProject section */
		78E3849C29B7258F004C9E37 /* Project object */ = {
			isa = PBXProject;
			attributes = {
				BuildIndependentTargetsInParallel = 1;
				LastSwiftUpdateCheck = 1420;
				LastUpgradeCheck = 1420;
				TargetAttributes = {
					78E384A329B7258F004C9E37 = {
						CreatedOnToolsVersion = 14.2;
					};
				};
			};
			buildConfigurationList = 78E3849F29B7258F004C9E37 /* Build configuration list for PBXProject "CryptoApp" */;
			compatibilityVersion = "Xcode 14.0";
			developmentRegion = en;
			hasScannedForEncodings = 0;
			knownRegions = (
				en,
				Base,
			);
			mainGroup = 78E3849B29B7258F004C9E37;
			productRefGroup = 78E384A529B7258F004C9E37 /* Products */;
			projectDirPath = "";
			projectRoot = "";
			targets = (
				78E384A329B7258F004C9E37 /* CryptoApp */,
			);
		};
/* End PBXProject section */

/* Begin PBXResourcesBuildPhase section */
		78E384A229B7258F004C9E37 /* Resources */ = {
			isa = PBXResourcesBuildPhase;
			buildActionMask = 2147483647;
			files = (
				78E384AF29B72591004C9E37 /* Preview Assets.xcassets in Resources */,
				78E384B629B72752004C9E37 /* Assets.xcassets in Resources */,
			);
			runOnlyForDeploymentPostprocessing = 0;
		};
/* End PBXResourcesBuildPhase section */

/* Begin PBXSourcesBuildPhase section */
		78E384A029B7258F004C9E37 /* Sources */ = {
			isa = PBXSourcesBuildPhase;
			buildActionMask = 2147483647;
			files = (
				78E384CC29B7735A004C9E37 /* CoinRowView.swift in Sources */,
				78E384AA29B7258F004C9E37 /* ContentView.swift in Sources */,
				78E384BF29B72A62004C9E37 /* HomeView.swift in Sources */,
				78E384A829B7258F004C9E37 /* CryptoAppApp.swift in Sources */,
				78E384C329B72D4E004C9E37 /* CircleButtonView.swift in Sources */,
				78E384B929B72859004C9E37 /* Color.swift in Sources */,
				78E384C529B73681004C9E37 /* CircleButtonAnimationView.swift in Sources */,
				78E384CE29B774A5004C9E37 /* PreviewProvider.swift in Sources */,
				78E384D029B777E2004C9E37 /* Double.swift in Sources */,
				78E384C829B7710A004C9E37 /* CoinModel.swift in Sources */,
			);
			runOnlyForDeploymentPostprocessing = 0;
		};
/* End PBXSourcesBuildPhase section */

/* Begin XCBuildConfiguration section */
		78E384B029B72591004C9E37 /* Debug */ = {
			isa = XCBuildConfiguration;
			buildSettings = {
				ALWAYS_SEARCH_USER_PATHS = NO;
				CLANG_ANALYZER_NONNULL = YES;
				CLANG_ANALYZER_NUMBER_OBJECT_CONVERSION = YES_AGGRESSIVE;
				CLANG_CXX_LANGUAGE_STANDARD = "gnu++20";
				CLANG_ENABLE_MODULES = YES;
				CLANG_ENABLE_OBJC_ARC = YES;
				CLANG_ENABLE_OBJC_WEAK = YES;
				CLANG_WARN_BLOCK_CAPTURE_AUTORELEASING = YES;
				CLANG_WARN_BOOL_CONVERSION = YES;
				CLANG_WARN_COMMA = YES;
				CLANG_WARN_CONSTANT_CONVERSION = YES;
				CLANG_WARN_DEPRECATED_OBJC_IMPLEMENTATIONS = YES;
				CLANG_WARN_DIRECT_OBJC_ISA_USAGE = YES_ERROR;
				CLANG_WARN_DOCUMENTATION_COMMENTS = YES;
				CLANG_WARN_EMPTY_BODY = YES;
				CLANG_WARN_ENUM_CONVERSION = YES;
				CLANG_WARN_INFINITE_RECURSION = YES;
				CLANG_WARN_INT_CONVERSION = YES;
				CLANG_WARN_NON_LITERAL_NULL_CONVERSION = YES;
				CLANG_WARN_OBJC_IMPLICIT_RETAIN_SELF = YES;
				CLANG_WARN_OBJC_LITERAL_CONVERSION = YES;
				CLANG_WARN_OBJC_ROOT_CLASS = YES_ERROR;
				CLANG_WARN_QUOTED_INCLUDE_IN_FRAMEWORK_HEADER = YES;
				CLANG_WARN_RANGE_LOOP_ANALYSIS = YES;
				CLANG_WARN_STRICT_PROTOTYPES = YES;
				CLANG_WARN_SUSPICIOUS_MOVE = YES;
				CLANG_WARN_UNGUARDED_AVAILABILITY = YES_AGGRESSIVE;
				CLANG_WARN_UNREACHABLE_CODE = YES;
				CLANG_WARN__DUPLICATE_METHOD_MATCH = YES;
				COPY_PHASE_STRIP = NO;
				DEBUG_INFORMATION_FORMAT = dwarf;
				ENABLE_STRICT_OBJC_MSGSEND = YES;
				ENABLE_TESTABILITY = YES;
				GCC_C_LANGUAGE_STANDARD = gnu11;
				GCC_DYNAMIC_NO_PIC = NO;
				GCC_NO_COMMON_BLOCKS = YES;
				GCC_OPTIMIZATION_LEVEL = 0;
				GCC_PREPROCESSOR_DEFINITIONS = (
					"DEBUG=1",
					"$(inherited)",
				);
				GCC_WARN_64_TO_32_BIT_CONVERSION = YES;
				GCC_WARN_ABOUT_RETURN_TYPE = YES_ERROR;
				GCC_WARN_UNDECLARED_SELECTOR = YES;
				GCC_WARN_UNINITIALIZED_AUTOS = YES_AGGRESSIVE;
				GCC_WARN_UNUSED_FUNCTION = YES;
				GCC_WARN_UNUSED_VARIABLE = YES;
				IPHONEOS_DEPLOYMENT_TARGET = 16.2;
				MTL_ENABLE_DEBUG_INFO = INCLUDE_SOURCE;
				MTL_FAST_MATH = YES;
				ONLY_ACTIVE_ARCH = YES;
				SDKROOT = iphoneos;
				SWIFT_ACTIVE_COMPILATION_CONDITIONS = DEBUG;
				SWIFT_OPTIMIZATION_LEVEL = "-Onone";
			};
			name = Debug;
		};
		78E384B129B72591004C9E37 /* Release */ = {
			isa = XCBuildConfiguration;
			buildSettings = {
				ALWAYS_SEARCH_USER_PATHS = NO;
				CLANG_ANALYZER_NONNULL = YES;
				CLANG_ANALYZER_NUMBER_OBJECT_CONVERSION = YES_AGGRESSIVE;
				CLANG_CXX_LANGUAGE_STANDARD = "gnu++20";
				CLANG_ENABLE_MODULES = YES;
				CLANG_ENABLE_OBJC_ARC = YES;
				CLANG_ENABLE_OBJC_WEAK = YES;
				CLANG_WARN_BLOCK_CAPTURE_AUTORELEASING = YES;
				CLANG_WARN_BOOL_CONVERSION = YES;
				CLANG_WARN_COMMA = YES;
				CLANG_WARN_CONSTANT_CONVERSION = YES;
				CLANG_WARN_DEPRECATED_OBJC_IMPLEMENTATIONS = YES;
				CLANG_WARN_DIRECT_OBJC_ISA_USAGE = YES_ERROR;
				CLANG_WARN_DOCUMENTATION_COMMENTS = YES;
				CLANG_WARN_EMPTY_BODY = YES;
				CLANG_WARN_ENUM_CONVERSION = YES;
				CLANG_WARN_INFINITE_RECURSION = YES;
				CLANG_WARN_INT_CONVERSION = YES;
				CLANG_WARN_NON_LITERAL_NULL_CONVERSION = YES;
				CLANG_WARN_OBJC_IMPLICIT_RETAIN_SELF = YES;
				CLANG_WARN_OBJC_LITERAL_CONVERSION = YES;
				CLANG_WARN_OBJC_ROOT_CLASS = YES_ERROR;
				CLANG_WARN_QUOTED_INCLUDE_IN_FRAMEWORK_HEADER = YES;
				CLANG_WARN_RANGE_LOOP_ANALYSIS = YES;
				CLANG_WARN_STRICT_PROTOTYPES = YES;
				CLANG_WARN_SUSPICIOUS_MOVE = YES;
				CLANG_WARN_UNGUARDED_AVAILABILITY = YES_AGGRESSIVE;
				CLANG_WARN_UNREACHABLE_CODE = YES;
				CLANG_WARN__DUPLICATE_METHOD_MATCH = YES;
				COPY_PHASE_STRIP = NO;
				DEBUG_INFORMATION_FORMAT = "dwarf-with-dsym";
				ENABLE_NS_ASSERTIONS = NO;
				ENABLE_STRICT_OBJC_MSGSEND = YES;
				GCC_C_LANGUAGE_STANDARD = gnu11;
				GCC_NO_COMMON_BLOCKS = YES;
				GCC_WARN_64_TO_32_BIT_CONVERSION = YES;
				GCC_WARN_ABOUT_RETURN_TYPE = YES_ERROR;
				GCC_WARN_UNDECLARED_SELECTOR = YES;
				GCC_WARN_UNINITIALIZED_AUTOS = YES_AGGRESSIVE;
				GCC_WARN_UNUSED_FUNCTION = YES;
				GCC_WARN_UNUSED_VARIABLE = YES;
				IPHONEOS_DEPLOYMENT_TARGET = 16.2;
				MTL_ENABLE_DEBUG_INFO = NO;
				MTL_FAST_MATH = YES;
				SDKROOT = iphoneos;
				SWIFT_COMPILATION_MODE = wholemodule;
				SWIFT_OPTIMIZATION_LEVEL = "-O";
				VALIDATE_PRODUCT = YES;
			};
			name = Release;
		};
		78E384B329B72591004C9E37 /* Debug */ = {
			isa = XCBuildConfiguration;
			buildSettings = {
				ASSETCATALOG_COMPILER_APPICON_NAME = AppIcon;
				ASSETCATALOG_COMPILER_GLOBAL_ACCENT_COLOR_NAME = AccentColor;
				CODE_SIGN_STYLE = Automatic;
				CURRENT_PROJECT_VERSION = 1;
				DEVELOPMENT_ASSET_PATHS = "\"CryptoApp/Preview Content\"";
				DEVELOPMENT_TEAM = CSCETSS9EC;
				ENABLE_PREVIEWS = YES;
				GENERATE_INFOPLIST_FILE = YES;
				INFOPLIST_KEY_CFBundleDisplayName = "Crypto Tracker";
				INFOPLIST_KEY_UIApplicationSceneManifest_Generation = YES;
				INFOPLIST_KEY_UIApplicationSupportsIndirectInputEvents = YES;
				INFOPLIST_KEY_UILaunchScreen_Generation = YES;
				INFOPLIST_KEY_UISupportedInterfaceOrientations = UIInterfaceOrientationPortrait;
				LD_RUNPATH_SEARCH_PATHS = (
					"$(inherited)",
					"@executable_path/Frameworks",
				);
				MARKETING_VERSION = 1.0;
				PRODUCT_BUNDLE_IDENTIFIER = ios.boardGame.CryptoApp;
				PRODUCT_NAME = "$(TARGET_NAME)";
				SWIFT_EMIT_LOC_STRINGS = YES;
				SWIFT_VERSION = 5.0;
				TARGETED_DEVICE_FAMILY = "1,2";
			};
			name = Debug;
		};
		78E384B429B72591004C9E37 /* Release */ = {
			isa = XCBuildConfiguration;
			buildSettings = {
				ASSETCATALOG_COMPILER_APPICON_NAME = AppIcon;
				ASSETCATALOG_COMPILER_GLOBAL_ACCENT_COLOR_NAME = AccentColor;
				CODE_SIGN_STYLE = Automatic;
				CURRENT_PROJECT_VERSION = 1;
				DEVELOPMENT_ASSET_PATHS = "\"CryptoApp/Preview Content\"";
				DEVELOPMENT_TEAM = CSCETSS9EC;
				ENABLE_PREVIEWS = YES;
				GENERATE_INFOPLIST_FILE = YES;
				INFOPLIST_KEY_CFBundleDisplayName = "Crypto Tracker";
				INFOPLIST_KEY_UIApplicationSceneManifest_Generation = YES;
				INFOPLIST_KEY_UIApplicationSupportsIndirectInputEvents = YES;
				INFOPLIST_KEY_UILaunchScreen_Generation = YES;
				INFOPLIST_KEY_UISupportedInterfaceOrientations = UIInterfaceOrientationPortrait;
				LD_RUNPATH_SEARCH_PATHS = (
					"$(inherited)",
					"@executable_path/Frameworks",
				);
				MARKETING_VERSION = 1.0;
				PRODUCT_BUNDLE_IDENTIFIER = ios.boardGame.CryptoApp;
				PRODUCT_NAME = "$(TARGET_NAME)";
				SWIFT_EMIT_LOC_STRINGS = YES;
				SWIFT_VERSION = 5.0;
				TARGETED_DEVICE_FAMILY = "1,2";
			};
			name = Release;
		};
/* End XCBuildConfiguration section */

/* Begin XCConfigurationList section */
		78E3849F29B7258F004C9E37 /* Build configuration list for PBXProject "CryptoApp" */ = {
			isa = XCConfigurationList;
			buildConfigurations = (
				78E384B029B72591004C9E37 /* Debug */,
				78E384B129B72591004C9E37 /* Release */,
			);
			defaultConfigurationIsVisible = 0;
			defaultConfigurationName = Release;
		};
		78E384B229B72591004C9E37 /* Build configuration list for PBXNativeTarget "CryptoApp" */ = {
			isa = XCConfigurationList;
			buildConfigurations = (
				78E384B329B72591004C9E37 /* Debug */,
				78E384B429B72591004C9E37 /* Release */,
			);
			defaultConfigurationIsVisible = 0;
			defaultConfigurationName = Release;
		};
/* End XCConfigurationList section */
	};
	rootObject = 78E3849C29B7258F004C9E37 /* Project object */;
}
